// !$*UTF8*$!
{
	archiveVersion = 1;
	classes = {
	};
	objectVersion = 46;
	objects = {

/* Begin PBXBuildFile section */
		A3D506A81DEDD7AB00C8996C /* AppDelegate.swift in Sources */ = {isa = PBXBuildFile; fileRef = A3D506A71DEDD7AB00C8996C /* AppDelegate.swift */; };
		A3D506AA1DEDD7AB00C8996C /* ViewController.swift in Sources */ = {isa = PBXBuildFile; fileRef = A3D506A91DEDD7AB00C8996C /* ViewController.swift */; };
		A3D506AD1DEDD7AB00C8996C /* Main.storyboard in Resources */ = {isa = PBXBuildFile; fileRef = A3D506AB1DEDD7AB00C8996C /* Main.storyboard */; };
		A3D506AF1DEDD7AB00C8996C /* Images.xcassets in Resources */ = {isa = PBXBuildFile; fileRef = A3D506AE1DEDD7AB00C8996C /* Images.xcassets */; };
		A3D506B21DEDD7AB00C8996C /* LaunchScreen.xib in Resources */ = {isa = PBXBuildFile; fileRef = A3D506B01DEDD7AB00C8996C /* LaunchScreen.xib */; };
		A3D506BE1DEDD7AB00C8996C /* feedit_iosTests.swift in Sources */ = {isa = PBXBuildFile; fileRef = A3D506BD1DEDD7AB00C8996C /* feedit_iosTests.swift */; };
/* End PBXBuildFile section */

/* Begin PBXContainerItemProxy section */
		A3D506B81DEDD7AB00C8996C /* PBXContainerItemProxy */ = {
			isa = PBXContainerItemProxy;
			containerPortal = A3D5069A1DEDD7AB00C8996C /* Project object */;
			proxyType = 1;
			remoteGlobalIDString = A3D506A11DEDD7AB00C8996C;
			remoteInfo = feedit_ios;
		};
/* End PBXContainerItemProxy section */

/* Begin PBXFileReference section */
		A3D506A21DEDD7AB00C8996C /* feedit_ios.app */ = {isa = PBXFileReference; explicitFileType = wrapper.application; includeInIndex = 0; path = feedit_ios.app; sourceTree = BUILT_PRODUCTS_DIR; };
		A3D506A61DEDD7AB00C8996C /* Info.plist */ = {isa = PBXFileReference; lastKnownFileType = text.plist.xml; path = Info.plist; sourceTree = "<group>"; };
		A3D506A71DEDD7AB00C8996C /* AppDelegate.swift */ = {isa = PBXFileReference; lastKnownFileType = sourcecode.swift; path = AppDelegate.swift; sourceTree = "<group>"; };
		A3D506A91DEDD7AB00C8996C /* ViewController.swift */ = {isa = PBXFileReference; lastKnownFileType = sourcecode.swift; path = ViewController.swift; sourceTree = "<group>"; };
		A3D506AC1DEDD7AB00C8996C /* Base */ = {isa = PBXFileReference; lastKnownFileType = file.storyboard; name = Base; path = Base.lproj/Main.storyboard; sourceTree = "<group>"; };
		A3D506AE1DEDD7AB00C8996C /* Images.xcassets */ = {isa = PBXFileReference; lastKnownFileType = folder.assetcatalog; path = Images.xcassets; sourceTree = "<group>"; };
		A3D506B11DEDD7AB00C8996C /* Base */ = {isa = PBXFileReference; lastKnownFileType = file.xib; name = Base; path = Base.lproj/LaunchScreen.xib; sourceTree = "<group>"; };
		A3D506B71DEDD7AB00C8996C /* feedit_iosTests.xctest */ = {isa = PBXFileReference; explicitFileType = wrapper.cfbundle; includeInIndex = 0; path = feedit_iosTests.xctest; sourceTree = BUILT_PRODUCTS_DIR; };
		A3D506BC1DEDD7AB00C8996C /* Info.plist */ = {isa = PBXFileReference; lastKnownFileType = text.plist.xml; path = Info.plist; sourceTree = "<group>"; };
		A3D506BD1DEDD7AB00C8996C /* feedit_iosTests.swift */ = {isa = PBXFileReference; lastKnownFileType = sourcecode.swift; path = feedit_iosTests.swift; sourceTree = "<group>"; };
/* End PBXFileReference section */

/* Begin PBXFrameworksBuildPhase section */
		A3D5069F1DEDD7AB00C8996C /* Frameworks */ = {
			isa = PBXFrameworksBuildPhase;
			buildActionMask = 2147483647;
			files = (
			);
			runOnlyForDeploymentPostprocessing = 0;
		};
		A3D506B41DEDD7AB00C8996C /* Frameworks */ = {
			isa = PBXFrameworksBuildPhase;
			buildActionMask = 2147483647;
			files = (
			);
			runOnlyForDeploymentPostprocessing = 0;
		};
/* End PBXFrameworksBuildPhase section */

/* Begin PBXGroup section */
		A3D506991DEDD7AB00C8996C = {
			isa = PBXGroup;
			children = (
				A3D506A41DEDD7AB00C8996C /* feedit_ios */,
				A3D506BA1DEDD7AB00C8996C /* feedit_iosTests */,
				A3D506A31DEDD7AB00C8996C /* Products */,
			);
			sourceTree = "<group>";
		};
		A3D506A31DEDD7AB00C8996C /* Products */ = {
			isa = PBXGroup;
			children = (
				A3D506A21DEDD7AB00C8996C /* feedit_ios.app */,
				A3D506B71DEDD7AB00C8996C /* feedit_iosTests.xctest */,
			);
			name = Products;
			sourceTree = "<group>";
		};
		A3D506A41DEDD7AB00C8996C /* feedit_ios */ = {
			isa = PBXGroup;
			children = (
				A3D506A71DEDD7AB00C8996C /* AppDelegate.swift */,
				A3D506A91DEDD7AB00C8996C /* ViewController.swift */,
				A3D506AB1DEDD7AB00C8996C /* Main.storyboard */,
				A3D506AE1DEDD7AB00C8996C /* Images.xcassets */,
				A3D506B01DEDD7AB00C8996C /* LaunchScreen.xib */,
				A3D506A51DEDD7AB00C8996C /* Supporting Files */,
			);
			path = feedit_ios;
			sourceTree = "<group>";
		};
		A3D506A51DEDD7AB00C8996C /* Supporting Files */ = {
			isa = PBXGroup;
			children = (
				A3D506A61DEDD7AB00C8996C /* Info.plist */,
			);
			name = "Supporting Files";
			sourceTree = "<group>";
		};
		A3D506BA1DEDD7AB00C8996C /* feedit_iosTests */ = {
			isa = PBXGroup;
			children = (
				A3D506BD1DEDD7AB00C8996C /* feedit_iosTests.swift */,
				A3D506BB1DEDD7AB00C8996C /* Supporting Files */,
			);
			path = feedit_iosTests;
			sourceTree = "<group>";
		};
		A3D506BB1DEDD7AB00C8996C /* Supporting Files */ = {
			isa = PBXGroup;
			children = (
				A3D506BC1DEDD7AB00C8996C /* Info.plist */,
			);
			name = "Supporting Files";
			sourceTree = "<group>";
		};
/* End PBXGroup section */

/* Begin PBXNativeTarget section */
		A3D506A11DEDD7AB00C8996C /* feedit_ios */ = {
			isa = PBXNativeTarget;
			buildConfigurationList = A3D506C11DEDD7AB00C8996C /* Build configuration list for PBXNativeTarget "feedit_ios" */;
			buildPhases = (
				A3D5069E1DEDD7AB00C8996C /* Sources */,
				A3D5069F1DEDD7AB00C8996C /* Frameworks */,
				A3D506A01DEDD7AB00C8996C /* Resources */,
			);
			buildRules = (
			);
			dependencies = (
			);
			name = feedit_ios;
			productName = feedit_ios;
			productReference = A3D506A21DEDD7AB00C8996C /* feedit_ios.app */;
			productType = "com.apple.product-type.application";
		};
		A3D506B61DEDD7AB00C8996C /* feedit_iosTests */ = {
			isa = PBXNativeTarget;
			buildConfigurationList = A3D506C41DEDD7AB00C8996C /* Build configuration list for PBXNativeTarget "feedit_iosTests" */;
			buildPhases = (
				A3D506B31DEDD7AB00C8996C /* Sources */,
				A3D506B41DEDD7AB00C8996C /* Frameworks */,
				A3D506B51DEDD7AB00C8996C /* Resources */,
			);
			buildRules = (
			);
			dependencies = (
				A3D506B91DEDD7AB00C8996C /* PBXTargetDependency */,
			);
			name = feedit_iosTests;
			productName = feedit_iosTests;
			productReference = A3D506B71DEDD7AB00C8996C /* feedit_iosTests.xctest */;
			productType = "com.apple.product-type.bundle.unit-test";
		};
/* End PBXNativeTarget section */

/* Begin PBXProject section */
		A3D5069A1DEDD7AB00C8996C /* Project object */ = {
			isa = PBXProject;
			attributes = {
				LastUpgradeCheck = 0640;
				ORGANIZATIONNAME = Julia;
				TargetAttributes = {
					A3D506A11DEDD7AB00C8996C = {
						CreatedOnToolsVersion = 6.4;
					};
					A3D506B61DEDD7AB00C8996C = {
						CreatedOnToolsVersion = 6.4;
						TestTargetID = A3D506A11DEDD7AB00C8996C;
					};
				};
			};
			buildConfigurationList = A3D5069D1DEDD7AB00C8996C /* Build configuration list for PBXProject "feedit_ios" */;
			compatibilityVersion = "Xcode 3.2";
			developmentRegion = English;
			hasScannedForEncodings = 0;
			knownRegions = (
				en,
				Base,
			);
			mainGroup = A3D506991DEDD7AB00C8996C;
			productRefGroup = A3D506A31DEDD7AB00C8996C /* Products */;
			projectDirPath = "";
			projectRoot = "";
			targets = (
				A3D506A11DEDD7AB00C8996C /* feedit_ios */,
				A3D506B61DEDD7AB00C8996C /* feedit_iosTests */,
			);
		};
/* End PBXProject section */

/* Begin PBXResourcesBuildPhase section */
		A3D506A01DEDD7AB00C8996C /* Resources */ = {
			isa = PBXResourcesBuildPhase;
			buildActionMask = 2147483647;
			files = (
				A3D506AD1DEDD7AB00C8996C /* Main.storyboard in Resources */,
				A3D506B21DEDD7AB00C8996C /* LaunchScreen.xib in Resources */,
				A3D506AF1DEDD7AB00C8996C /* Images.xcassets in Resources */,
			);
			runOnlyForDeploymentPostprocessing = 0;
		};
		A3D506B51DEDD7AB00C8996C /* Resources */ = {
			isa = PBXResourcesBuildPhase;
			buildActionMask = 2147483647;
			files = (
			);
			runOnlyForDeploymentPostprocessing = 0;
		};
/* End PBXResourcesBuildPhase section */

/* Begin PBXSourcesBuildPhase section */
		A3D5069E1DEDD7AB00C8996C /* Sources */ = {
			isa = PBXSourcesBuildPhase;
			buildActionMask = 2147483647;
			files = (
				A3D506AA1DEDD7AB00C8996C /* ViewController.swift in Sources */,
				A3D506A81DEDD7AB00C8996C /* AppDelegate.swift in Sources */,
			);
			runOnlyForDeploymentPostprocessing = 0;
		};
		A3D506B31DEDD7AB00C8996C /* Sources */ = {
			isa = PBXSourcesBuildPhase;
			buildActionMask = 2147483647;
			files = (
				A3D506BE1DEDD7AB00C8996C /* feedit_iosTests.swift in Sources */,
			);
			runOnlyForDeploymentPostprocessing = 0;
		};
/* End PBXSourcesBuildPhase section */

/* Begin PBXTargetDependency section */
		A3D506B91DEDD7AB00C8996C /* PBXTargetDependency */ = {
			isa = PBXTargetDependency;
			target = A3D506A11DEDD7AB00C8996C /* feedit_ios */;
			targetProxy = A3D506B81DEDD7AB00C8996C /* PBXContainerItemProxy */;
		};
/* End PBXTargetDependency section */

/* Begin PBXVariantGroup section */
		A3D506AB1DEDD7AB00C8996C /* Main.storyboard */ = {
			isa = PBXVariantGroup;
			children = (
				A3D506AC1DEDD7AB00C8996C /* Base */,
			);
			name = Main.storyboard;
			sourceTree = "<group>";
		};
		A3D506B01DEDD7AB00C8996C /* LaunchScreen.xib */ = {
			isa = PBXVariantGroup;
			children = (
				A3D506B11DEDD7AB00C8996C /* Base */,
			);
			name = LaunchScreen.xib;
			sourceTree = "<group>";
		};
/* End PBXVariantGroup section */

/* Begin XCBuildConfiguration section */
		A3D506BF1DEDD7AB00C8996C /* Debug */ = {
			isa = XCBuildConfiguration;
			buildSettings = {
				ALWAYS_SEARCH_USER_PATHS = NO;
				CLANG_CXX_LANGUAGE_STANDARD = "gnu++0x";
				CLANG_CXX_LIBRARY = "libc++";
				CLANG_ENABLE_MODULES = YES;
				CLANG_ENABLE_OBJC_ARC = YES;
				CLANG_WARN_BOOL_CONVERSION = YES;
				CLANG_WARN_CONSTANT_CONVERSION = YES;
				CLANG_WARN_DIRECT_OBJC_ISA_USAGE = YES_ERROR;
				CLANG_WARN_EMPTY_BODY = YES;
				CLANG_WARN_ENUM_CONVERSION = YES;
				CLANG_WARN_INT_CONVERSION = YES;
				CLANG_WARN_OBJC_ROOT_CLASS = YES_ERROR;
				CLANG_WARN_UNREACHABLE_CODE = YES;
				CLANG_WARN__DUPLICATE_METHOD_MATCH = YES;
				"CODE_SIGN_IDENTITY[sdk=iphoneos*]" = "iPhone Developer";
				COPY_PHASE_STRIP = NO;
				DEBUG_INFORMATION_FORMAT = "dwarf-with-dsym";
				ENABLE_STRICT_OBJC_MSGSEND = YES;
				GCC_C_LANGUAGE_STANDARD = gnu99;
				GCC_DYNAMIC_NO_PIC = NO;
				GCC_NO_COMMON_BLOCKS = YES;
				GCC_OPTIMIZATION_LEVEL = 0;
				GCC_PREPROCESSOR_DEFINITIONS = (
					"DEBUG=1",
					"$(inherited)",
				);
				GCC_SYMBOLS_PRIVATE_EXTERN = NO;
				GCC_WARN_64_TO_32_BIT_CONVERSION = YES;
				GCC_WARN_ABOUT_RETURN_TYPE = YES_ERROR;
				GCC_WARN_UNDECLARED_SELECTOR = YES;
				GCC_WARN_UNINITIALIZED_AUTOS = YES_AGGRESSIVE;
				GCC_WARN_UNUSED_FUNCTION = YES;
				GCC_WARN_UNUSED_VARIABLE = YES;
				IPHONEOS_DEPLOYMENT_TARGET = 8.4;
				MTL_ENABLE_DEBUG_INFO = YES;
				ONLY_ACTIVE_ARCH = YES;
				SDKROOT = iphoneos;
				SWIFT_OPTIMIZATION_LEVEL = "-Onone";
			};
			name = Debug;
		};
		A3D506C01DEDD7AB00C8996C /* Release */ = {
			isa = XCBuildConfiguration;
			buildSettings = {
				ALWAYS_SEARCH_USER_PATHS = NO;
				CLANG_CXX_LANGUAGE_STANDARD = "gnu++0x";
				CLANG_CXX_LIBRARY = "libc++";
				CLANG_ENABLE_MODULES = YES;
				CLANG_ENABLE_OBJC_ARC = YES;
				CLANG_WARN_BOOL_CONVERSION = YES;
				CLANG_WARN_CONSTANT_CONVERSION = YES;
				CLANG_WARN_DIRECT_OBJC_ISA_USAGE = YES_ERROR;
				CLANG_WARN_EMPTY_BODY = YES;
				CLANG_WARN_ENUM_CONVERSION = YES;
				CLANG_WARN_INT_CONVERSION = YES;
				CLANG_WARN_OBJC_ROOT_CLASS = YES_ERROR;
				CLANG_WARN_UNREACHABLE_CODE = YES;
				CLANG_WARN__DUPLICATE_METHOD_MATCH = YES;
				"CODE_SIGN_IDENTITY[sdk=iphoneos*]" = "iPhone Developer";
				COPY_PHASE_STRIP = NO;
				DEBUG_INFORMATION_FORMAT = "dwarf-with-dsym";
				ENABLE_NS_ASSERTIONS = NO;
				ENABLE_STRICT_OBJC_MSGSEND = YES;
				GCC_C_LANGUAGE_STANDARD = gnu99;
				GCC_NO_COMMON_BLOCKS = YES;
				GCC_WARN_64_TO_32_BIT_CONVERSION = YES;
				GCC_WARN_ABOUT_RETURN_TYPE = YES_ERROR;
				GCC_WARN_UNDECLARED_SELECTOR = YES;
				GCC_WARN_UNINITIALIZED_AUTOS = YES_AGGRESSIVE;
				GCC_WARN_UNUSED_FUNCTION = YES;
				GCC_WARN_UNUSED_VARIABLE = YES;
				IPHONEOS_DEPLOYMENT_TARGET = 8.4;
				MTL_ENABLE_DEBUG_INFO = NO;
				SDKROOT = iphoneos;
				VALIDATE_PRODUCT = YES;
			};
			name = Release;
		};
		A3D506C21DEDD7AB00C8996C /* Debug */ = {
			isa = XCBuildConfiguration;
			buildSettings = {
				ASSETCATALOG_COMPILER_APPICON_NAME = AppIcon;
				INFOPLIST_FILE = feedit_ios/Info.plist;
				LD_RUNPATH_SEARCH_PATHS = "$(inherited) @executable_path/Frameworks";
				PRODUCT_NAME = "$(TARGET_NAME)";
			};
			name = Debug;
		};
		A3D506C31DEDD7AB00C8996C /* Release */ = {
			isa = XCBuildConfiguration;
			buildSettings = {
				ASSETCATALOG_COMPILER_APPICON_NAME = AppIcon;
				INFOPLIST_FILE = feedit_ios/Info.plist;
				LD_RUNPATH_SEARCH_PATHS = "$(inherited) @executable_path/Frameworks";
				PRODUCT_NAME = "$(TARGET_NAME)";
			};
			name = Release;
		};
		A3D506C51DEDD7AB00C8996C /* Debug */ = {
			isa = XCBuildConfiguration;
			buildSettings = {
				BUNDLE_LOADER = "$(TEST_HOST)";
				FRAMEWORK_SEARCH_PATHS = (
					"$(SDKROOT)/Developer/Library/Frameworks",
					"$(inherited)",
				);
				GCC_PREPROCESSOR_DEFINITIONS = (
					"DEBUG=1",
					"$(inherited)",
				);
				INFOPLIST_FILE = feedit_iosTests/Info.plist;
				LD_RUNPATH_SEARCH_PATHS = "$(inherited) @executable_path/Frameworks @loader_path/Frameworks";
				PRODUCT_NAME = "$(TARGET_NAME)";
				TEST_HOST = "$(BUILT_PRODUCTS_DIR)/feedit_ios.app/feedit_ios";
			};
			name = Debug;
		};
		A3D506C61DEDD7AB00C8996C /* Release */ = {
			isa = XCBuildConfiguration;
			buildSettings = {
				BUNDLE_LOADER = "$(TEST_HOST)";
				FRAMEWORK_SEARCH_PATHS = (
					"$(SDKROOT)/Developer/Library/Frameworks",
					"$(inherited)",
				);
				INFOPLIST_FILE = feedit_iosTests/Info.plist;
				LD_RUNPATH_SEARCH_PATHS = "$(inherited) @executable_path/Frameworks @loader_path/Frameworks";
				PRODUCT_NAME = "$(TARGET_NAME)";
				TEST_HOST = "$(BUILT_PRODUCTS_DIR)/feedit_ios.app/feedit_ios";
			};
			name = Release;
		};
/* End XCBuildConfiguration section */

/* Begin XCConfigurationList section */
		A3D5069D1DEDD7AB00C8996C /* Build configuration list for PBXProject "feedit_ios" */ = {
			isa = XCConfigurationList;
			buildConfigurations = (
				A3D506BF1DEDD7AB00C8996C /* Debug */,
				A3D506C01DEDD7AB00C8996C /* Release */,
			);
			defaultConfigurationIsVisible = 0;
			defaultConfigurationName = Release;
		};
		A3D506C11DEDD7AB00C8996C /* Build configuration list for PBXNativeTarget "feedit_ios" */ = {
			isa = XCConfigurationList;
			buildConfigurations = (
				A3D506C21DEDD7AB00C8996C /* Debug */,
				A3D506C31DEDD7AB00C8996C /* Release */,
			);
			defaultConfigurationIsVisible = 0;
			defaultConfigurationName = Release;
		};
		A3D506C41DEDD7AB00C8996C /* Build configuration list for PBXNativeTarget "feedit_iosTests" */ = {
			isa = XCConfigurationList;
			buildConfigurations = (
				A3D506C51DEDD7AB00C8996C /* Debug */,
				A3D506C61DEDD7AB00C8996C /* Release */,
			);
			defaultConfigurationIsVisible = 0;
			defaultConfigurationName = Release;
		};
/* End XCConfigurationList section */
	};
	rootObject = A3D5069A1DEDD7AB00C8996C /* Project object */;
}
